{
    "version": 3,
    "terraform_version": "0.11.1",
    "serial": 4,
    "lineage": "d3b34ef1-bccb-43ac-8b17-99a0618229f8",
    "modules": [
        {
            "path": [
                "root"
            ],
            "outputs": {},
            "resources": {
                "aws_subnet.aws_hero_hackathon_subnet_h1": {
                    "type": "aws_subnet",
                    "depends_on": [
                        "aws_vpc.aws_hero_hackathon"
                    ],
                    "primary": {
                        "id": "subnet-d54347b2",
                        "attributes": {
                            "assign_ipv6_address_on_creation": "false",
                            "availability_zone": "eu-west-1a",
                            "cidr_block": "10.0.4.0/24",
                            "id": "subnet-d54347b2",
                            "map_public_ip_on_launch": "false",
                            "tags.%": "1",
                            "tags.Name": "aws_hero_hackathon_subnet_h1",
                            "vpc_id": "vpc-cfd2cea8"
                        },
                        "meta": {
                            "schema_version": "1"
                        },
                        "tainted": false
                    },
                    "deposed": [],
                    "provider": "provider.aws"
                },
                "aws_subnet.aws_hero_hackathon_subnet_h2": {
                    "type": "aws_subnet",
                    "depends_on": [
                        "aws_vpc.aws_hero_hackathon"
                    ],
                    "primary": {
                        "id": "subnet-13727b5a",
                        "attributes": {
                            "assign_ipv6_address_on_creation": "false",
                            "availability_zone": "eu-west-1b",
                            "cidr_block": "10.0.5.0/24",
                            "id": "subnet-13727b5a",
                            "map_public_ip_on_launch": "false",
                            "tags.%": "1",
                            "tags.Name": "aws_hero_hackathon_subnet_h2",
                            "vpc_id": "vpc-cfd2cea8"
                        },
                        "meta": {
                            "schema_version": "1"
                        },
                        "tainted": false
                    },
                    "deposed": [],
                    "provider": "provider.aws"
                },
                "aws_subnet.aws_hero_hackathon_subnet_h3": {
                    "type": "aws_subnet",
                    "depends_on": [
                        "aws_vpc.aws_hero_hackathon"
                    ],
                    "primary": {
                        "id": "subnet-91b9bcf6",
                        "attributes": {
                            "assign_ipv6_address_on_creation": "false",
                            "availability_zone": "eu-west-1a",
                            "cidr_block": "10.0.6.0/24",
                            "id": "subnet-91b9bcf6",
                            "map_public_ip_on_launch": "false",
                            "tags.%": "1",
                            "tags.Name": "aws_hero_hackathon_subnet_h3",
                            "vpc_id": "vpc-cfd2cea8"
                        },
                        "meta": {
                            "schema_version": "1"
                        },
                        "tainted": false
                    },
                    "deposed": [],
                    "provider": "provider.aws"
                },
                "aws_subnet.aws_hero_hackathon_subnet_p1": {
                    "type": "aws_subnet",
                    "depends_on": [
                        "aws_vpc.aws_hero_hackathon"
                    ],
                    "primary": {
                        "id": "subnet-ea7178a3",
                        "attributes": {
                            "assign_ipv6_address_on_creation": "false",
                            "availability_zone": "eu-west-1b",
                            "cidr_block": "10.0.1.0/24",
                            "id": "subnet-ea7178a3",
                            "map_public_ip_on_launch": "true",
                            "tags.%": "1",
                            "tags.Name": "aws_hero_hackathon_subnet_p1",
                            "vpc_id": "vpc-cfd2cea8"
                        },
                        "meta": {
                            "schema_version": "1"
                        },
                        "tainted": false
                    },
                    "deposed": [],
                    "provider": "provider.aws"
                },
                "aws_subnet.aws_hero_hackathon_subnet_p2": {
                    "type": "aws_subnet",
                    "depends_on": [
                        "aws_vpc.aws_hero_hackathon"
                    ],
                    "primary": {
                        "id": "subnet-92757cdb",
                        "attributes": {
                            "assign_ipv6_address_on_creation": "false",
                            "availability_zone": "eu-west-1b",
                            "cidr_block": "10.0.2.0/24",
                            "id": "subnet-92757cdb",
                            "map_public_ip_on_launch": "true",
                            "tags.%": "1",
                            "tags.Name": "aws_hero_hackathon_subnet_p2",
                            "vpc_id": "vpc-cfd2cea8"
                        },
                        "meta": {
                            "schema_version": "1"
                        },
                        "tainted": false
                    },
                    "deposed": [],
                    "provider": "provider.aws"
                },
                "aws_subnet.aws_hero_hackathon_subnet_p3": {
                    "type": "aws_subnet",
                    "depends_on": [
                        "aws_vpc.aws_hero_hackathon"
                    ],
                    "primary": {
                        "id": "subnet-984044ff",
                        "attributes": {
                            "assign_ipv6_address_on_creation": "false",
                            "availability_zone": "eu-west-1a",
                            "cidr_block": "10.0.3.0/24",
                            "id": "subnet-984044ff",
                            "map_public_ip_on_launch": "true",
                            "tags.%": "1",
                            "tags.Name": "aws_hero_hackathon_subnet_p3",
                            "vpc_id": "vpc-cfd2cea8"
                        },
                        "meta": {
                            "schema_version": "1"
                        },
                        "tainted": false
                    },
                    "deposed": [],
                    "provider": "provider.aws"
                },
                "aws_vpc.aws_hero_hackathon": {
                    "type": "aws_vpc",
                    "depends_on": [],
                    "primary": {
                        "id": "vpc-cfd2cea8",
                        "attributes": {
                            "assign_generated_ipv6_cidr_block": "false",
                            "cidr_block": "10.0.0.0/16",
                            "default_network_acl_id": "acl-55db5e33",
                            "default_route_table_id": "rtb-56b6ea30",
                            "default_security_group_id": "sg-226d2559",
                            "dhcp_options_id": "dopt-a1039cc4",
                            "enable_classiclink": "false",
                            "enable_classiclink_dns_support": "false",
                            "enable_dns_hostnames": "false",
                            "enable_dns_support": "true",
                            "id": "vpc-cfd2cea8",
                            "instance_tenancy": "default",
                            "main_route_table_id": "rtb-56b6ea30",
                            "tags.%": "1",
                            "tags.Name": "aws_hero_hackathon"
                        },
                        "meta": {
                            "schema_version": "1"
                        },
                        "tainted": false
                    },
                    "deposed": [],
                    "provider": "provider.aws"
                }
            },
            "depends_on": []
        }
    ]
}
