{
    "version": 3,
    "terraform_version": "0.11.1",
    "serial": 7,
    "lineage": "d3b34ef1-bccb-43ac-8b17-99a0618229f8",
    "modules": [
        {
            "path": [
                "root"
            ],
            "outputs": {},
            "resources": {
                "aws_ecs_cluster.hackathon_ecs_cluster": {
                    "type": "aws_ecs_cluster",
                    "depends_on": [],
                    "primary": {
                        "id": "arn:aws:ecs:eu-west-1:918158489432:cluster/hackathon",
                        "attributes": {
                            "id": "arn:aws:ecs:eu-west-1:918158489432:cluster/hackathon",
                            "name": "hackathon"
                        },
                        "meta": {},
                        "tainted": false
                    },
                    "deposed": [],
                    "provider": "provider.aws"
                },
                "aws_eip.nat-gateway1-eip": {
                    "type": "aws_eip",
                    "depends_on": [],
                    "primary": {
                        "id": "eipalloc-884bb1b5",
                        "attributes": {
                            "association_id": "eipassoc-66f7ed5a",
                            "domain": "vpc",
                            "id": "eipalloc-884bb1b5",
                            "instance": "",
                            "network_interface": "eni-41b2966e",
                            "private_ip": "10.0.1.108",
                            "public_ip": "34.241.199.144",
                            "vpc": "true"
                        },
                        "meta": {},
                        "tainted": false
                    },
                    "deposed": [],
                    "provider": "provider.aws"
                },
                "aws_internet_gateway.ig": {
                    "type": "aws_internet_gateway",
                    "depends_on": [
                        "aws_vpc.aws_hero_hackathon"
                    ],
                    "primary": {
                        "id": "igw-f509dc92",
                        "attributes": {
                            "id": "igw-f509dc92",
                            "tags.%": "1",
                            "tags.Name": "Internet-gateway",
                            "vpc_id": "vpc-cfd2cea8"
                        },
                        "meta": {},
                        "tainted": false
                    },
                    "deposed": [],
                    "provider": "provider.aws"
                },
                "aws_nat_gateway.nat-gw": {
                    "type": "aws_nat_gateway",
                    "depends_on": [
                        "aws_eip.nat-gateway1-eip",
                        "aws_subnet.aws_hero_hackathon_subnet_p1"
                    ],
                    "primary": {
                        "id": "nat-058cc82955016fb87",
                        "attributes": {
                            "allocation_id": "eipalloc-884bb1b5",
                            "id": "nat-058cc82955016fb87",
                            "network_interface_id": "eni-41b2966e",
                            "private_ip": "10.0.1.108",
                            "public_ip": "34.241.199.144",
                            "subnet_id": "subnet-65b8bd02",
                            "tags.%": "0"
                        },
                        "meta": {},
                        "tainted": false
                    },
                    "deposed": [],
                    "provider": "provider.aws"
                },
                "aws_route_table.aws_hero_hackathon_route_table_h1": {
                    "type": "aws_route_table",
                    "depends_on": [
                        "aws_nat_gateway.nat-gw",
                        "aws_vpc.aws_hero_hackathon"
                    ],
                    "primary": {
                        "id": "rtb-d7aaf6b1",
                        "attributes": {
                            "id": "rtb-d7aaf6b1",
                            "propagating_vgws.#": "0",
                            "route.#": "1",
                            "route.2370089973.cidr_block": "0.0.0.0/0",
                            "route.2370089973.egress_only_gateway_id": "",
                            "route.2370089973.gateway_id": "",
                            "route.2370089973.instance_id": "",
                            "route.2370089973.ipv6_cidr_block": "",
                            "route.2370089973.nat_gateway_id": "nat-058cc82955016fb87",
                            "route.2370089973.network_interface_id": "",
                            "route.2370089973.vpc_peering_connection_id": "",
                            "tags.%": "1",
                            "tags.Name": "Route-Table-Private1",
                            "vpc_id": "vpc-cfd2cea8"
                        },
                        "meta": {},
                        "tainted": false
                    },
                    "deposed": [],
                    "provider": "provider.aws"
                },
                "aws_route_table.aws_hero_hackathon_route_table_p1": {
                    "type": "aws_route_table",
                    "depends_on": [
                        "aws_internet_gateway.ig",
                        "aws_vpc.aws_hero_hackathon"
                    ],
                    "primary": {
                        "id": "rtb-55a1fd33",
                        "attributes": {
                            "id": "rtb-55a1fd33",
                            "propagating_vgws.#": "0",
                            "route.#": "1",
                            "route.2882148530.cidr_block": "0.0.0.0/0",
                            "route.2882148530.egress_only_gateway_id": "",
                            "route.2882148530.gateway_id": "igw-f509dc92",
                            "route.2882148530.instance_id": "",
                            "route.2882148530.ipv6_cidr_block": "",
                            "route.2882148530.nat_gateway_id": "",
                            "route.2882148530.network_interface_id": "",
                            "route.2882148530.vpc_peering_connection_id": "",
                            "tags.%": "1",
                            "tags.Name": "Route-Table-Public1",
                            "vpc_id": "vpc-cfd2cea8"
                        },
                        "meta": {},
                        "tainted": false
                    },
                    "deposed": [],
                    "provider": "provider.aws"
                },
                "aws_route_table_association.rt-asso-private1": {
                    "type": "aws_route_table_association",
                    "depends_on": [
                        "aws_route_table.aws_hero_hackathon_route_table_h1",
                        "aws_subnet.aws_hero_hackathon_subnet_h1"
                    ],
                    "primary": {
                        "id": "rtbassoc-40595439",
                        "attributes": {
                            "id": "rtbassoc-40595439",
                            "route_table_id": "rtb-d7aaf6b1",
                            "subnet_id": "subnet-d54347b2"
                        },
                        "meta": {},
                        "tainted": false
                    },
                    "deposed": [],
                    "provider": "provider.aws"
                },
                "aws_route_table_association.rt-asso-private2": {
                    "type": "aws_route_table_association",
                    "depends_on": [
                        "aws_route_table.aws_hero_hackathon_route_table_h1",
                        "aws_subnet.aws_hero_hackathon_subnet_h2"
                    ],
                    "primary": {
                        "id": "rtbassoc-b45d50cd",
                        "attributes": {
                            "id": "rtbassoc-b45d50cd",
                            "route_table_id": "rtb-d7aaf6b1",
                            "subnet_id": "subnet-13727b5a"
                        },
                        "meta": {},
                        "tainted": false
                    },
                    "deposed": [],
                    "provider": "provider.aws"
                },
                "aws_route_table_association.rt-asso-private3": {
                    "type": "aws_route_table_association",
                    "depends_on": [
                        "aws_route_table.aws_hero_hackathon_route_table_h1",
                        "aws_subnet.aws_hero_hackathon_subnet_h3"
                    ],
                    "primary": {
                        "id": "rtbassoc-03464b7a",
                        "attributes": {
                            "id": "rtbassoc-03464b7a",
                            "route_table_id": "rtb-d7aaf6b1",
                            "subnet_id": "subnet-2a662771"
                        },
                        "meta": {},
                        "tainted": false
                    },
                    "deposed": [],
                    "provider": "provider.aws"
                },
                "aws_route_table_association.rt-asso-public1": {
                    "type": "aws_route_table_association",
                    "depends_on": [
                        "aws_route_table.aws_hero_hackathon_route_table_p1",
                        "aws_subnet.aws_hero_hackathon_subnet_p1"
                    ],
                    "primary": {
                        "id": "rtbassoc-215f5258",
                        "attributes": {
                            "id": "rtbassoc-215f5258",
                            "route_table_id": "rtb-55a1fd33",
                            "subnet_id": "subnet-65b8bd02"
                        },
                        "meta": {},
                        "tainted": false
                    },
                    "deposed": [],
                    "provider": "provider.aws"
                },
                "aws_route_table_association.rt-asso-public2": {
                    "type": "aws_route_table_association",
                    "depends_on": [
                        "aws_route_table.aws_hero_hackathon_route_table_p1",
                        "aws_subnet.aws_hero_hackathon_subnet_p2"
                    ],
                    "primary": {
                        "id": "rtbassoc-07434e7e",
                        "attributes": {
                            "id": "rtbassoc-07434e7e",
                            "route_table_id": "rtb-55a1fd33",
                            "subnet_id": "subnet-92757cdb"
                        },
                        "meta": {},
                        "tainted": false
                    },
                    "deposed": [],
                    "provider": "provider.aws"
                },
                "aws_route_table_association.rt-asso-public3": {
                    "type": "aws_route_table_association",
                    "depends_on": [
                        "aws_route_table.aws_hero_hackathon_route_table_p1",
                        "aws_subnet.aws_hero_hackathon_subnet_p3"
                    ],
                    "primary": {
                        "id": "rtbassoc-4f5c5136",
                        "attributes": {
                            "id": "rtbassoc-4f5c5136",
                            "route_table_id": "rtb-55a1fd33",
                            "subnet_id": "subnet-09602152"
                        },
                        "meta": {},
                        "tainted": false
                    },
                    "deposed": [],
                    "provider": "provider.aws"
                },
                "aws_subnet.aws_hero_hackathon_subnet_h1": {
                    "type": "aws_subnet",
                    "depends_on": [
                        "aws_vpc.aws_hero_hackathon"
                    ],
                    "primary": {
                        "id": "subnet-d54347b2",
                        "attributes": {
                            "assign_ipv6_address_on_creation": "false",
                            "availability_zone": "eu-west-1a",
                            "cidr_block": "10.0.4.0/24",
                            "id": "subnet-d54347b2",
                            "map_public_ip_on_launch": "false",
                            "tags.%": "1",
                            "tags.Name": "aws_hero_hackathon_subnet_h1",
                            "vpc_id": "vpc-cfd2cea8"
                        },
                        "meta": {
                            "schema_version": "1"
                        },
                        "tainted": false
                    },
                    "deposed": [],
                    "provider": "provider.aws"
                },
                "aws_subnet.aws_hero_hackathon_subnet_h2": {
                    "type": "aws_subnet",
                    "depends_on": [
                        "aws_vpc.aws_hero_hackathon"
                    ],
                    "primary": {
                        "id": "subnet-13727b5a",
                        "attributes": {
                            "assign_ipv6_address_on_creation": "false",
                            "availability_zone": "eu-west-1b",
                            "cidr_block": "10.0.5.0/24",
                            "id": "subnet-13727b5a",
                            "map_public_ip_on_launch": "false",
                            "tags.%": "1",
                            "tags.Name": "aws_hero_hackathon_subnet_h2",
                            "vpc_id": "vpc-cfd2cea8"
                        },
                        "meta": {
                            "schema_version": "1"
                        },
                        "tainted": false
                    },
                    "deposed": [],
                    "provider": "provider.aws"
                },
                "aws_subnet.aws_hero_hackathon_subnet_h3": {
                    "type": "aws_subnet",
                    "depends_on": [
                        "aws_vpc.aws_hero_hackathon"
                    ],
                    "primary": {
                        "id": "subnet-2a662771",
                        "attributes": {
                            "assign_ipv6_address_on_creation": "false",
                            "availability_zone": "eu-west-1c",
                            "cidr_block": "10.0.6.0/24",
                            "id": "subnet-2a662771",
                            "map_public_ip_on_launch": "false",
                            "tags.%": "1",
                            "tags.Name": "aws_hero_hackathon_subnet_h3",
                            "vpc_id": "vpc-cfd2cea8"
                        },
                        "meta": {
                            "schema_version": "1"
                        },
                        "tainted": false
                    },
                    "deposed": [],
                    "provider": "provider.aws"
                },
                "aws_subnet.aws_hero_hackathon_subnet_p1": {
                    "type": "aws_subnet",
                    "depends_on": [
                        "aws_vpc.aws_hero_hackathon"
                    ],
                    "primary": {
                        "id": "subnet-65b8bd02",
                        "attributes": {
                            "assign_ipv6_address_on_creation": "false",
                            "availability_zone": "eu-west-1a",
                            "cidr_block": "10.0.1.0/24",
                            "id": "subnet-65b8bd02",
                            "map_public_ip_on_launch": "true",
                            "tags.%": "1",
                            "tags.Name": "aws_hero_hackathon_subnet_p1",
                            "vpc_id": "vpc-cfd2cea8"
                        },
                        "meta": {
                            "schema_version": "1"
                        },
                        "tainted": false
                    },
                    "deposed": [],
                    "provider": "provider.aws"
                },
                "aws_subnet.aws_hero_hackathon_subnet_p2": {
                    "type": "aws_subnet",
                    "depends_on": [
                        "aws_vpc.aws_hero_hackathon"
                    ],
                    "primary": {
                        "id": "subnet-92757cdb",
                        "attributes": {
                            "assign_ipv6_address_on_creation": "false",
                            "availability_zone": "eu-west-1b",
                            "cidr_block": "10.0.2.0/24",
                            "id": "subnet-92757cdb",
                            "map_public_ip_on_launch": "true",
                            "tags.%": "1",
                            "tags.Name": "aws_hero_hackathon_subnet_p2",
                            "vpc_id": "vpc-cfd2cea8"
                        },
                        "meta": {
                            "schema_version": "1"
                        },
                        "tainted": false
                    },
                    "deposed": [],
                    "provider": "provider.aws"
                },
                "aws_subnet.aws_hero_hackathon_subnet_p3": {
                    "type": "aws_subnet",
                    "depends_on": [
                        "aws_vpc.aws_hero_hackathon"
                    ],
                    "primary": {
                        "id": "subnet-09602152",
                        "attributes": {
                            "assign_ipv6_address_on_creation": "false",
                            "availability_zone": "eu-west-1c",
                            "cidr_block": "10.0.3.0/24",
                            "id": "subnet-09602152",
                            "map_public_ip_on_launch": "true",
                            "tags.%": "1",
                            "tags.Name": "aws_hero_hackathon_subnet_p3",
                            "vpc_id": "vpc-cfd2cea8"
                        },
                        "meta": {
                            "schema_version": "1"
                        },
                        "tainted": false
                    },
                    "deposed": [],
                    "provider": "provider.aws"
                },
                "aws_vpc.aws_hero_hackathon": {
                    "type": "aws_vpc",
                    "depends_on": [],
                    "primary": {
                        "id": "vpc-cfd2cea8",
                        "attributes": {
                            "assign_generated_ipv6_cidr_block": "false",
                            "cidr_block": "10.0.0.0/16",
                            "default_network_acl_id": "acl-55db5e33",
                            "default_route_table_id": "rtb-56b6ea30",
                            "default_security_group_id": "sg-226d2559",
                            "dhcp_options_id": "dopt-a1039cc4",
                            "enable_classiclink": "false",
                            "enable_classiclink_dns_support": "false",
                            "enable_dns_hostnames": "false",
                            "enable_dns_support": "true",
                            "id": "vpc-cfd2cea8",
                            "instance_tenancy": "default",
                            "main_route_table_id": "rtb-56b6ea30",
                            "tags.%": "1",
                            "tags.Name": "aws_hero_hackathon"
                        },
                        "meta": {
                            "schema_version": "1"
                        },
                        "tainted": false
                    },
                    "deposed": [],
                    "provider": "provider.aws"
                }
            },
            "depends_on": []
        }
    ]
}
